dependencies:
  espressif/esp-nn:
    component_hash: b32869798bdb40dec6bc99caca48cd65d42f8a9f506b9ab9c598a076f891ede9
    source:
      service_url: https://api.components.espressif.com/
      type: service
    version: 1.0.2
  espressif/esp-tflite-micro:
    component_hash: 28c9fd43c9896bd8676c0b5bfa73598e58f421d04e1a46be788d27a71c9b4cec
    source:
      service_url: https://api.components.espressif.com/
      type: service
    version: 1.3.1
  espressif/mdns:
    component_hash: 31117d76cae83a6d83ffd7f035f6fdae5bd05b914fc30b641afeb208b84de19a
    source:
      service_url: https://api.components.espressif.com/
      type: service
    version: 1.3.2
  idf:
    component_hash: null
    source:
      type: idf
    version: 5.2.1
manifest_hash: f643ef002762fbe8793fe7df9e57de683e30d73b2961fbd45852c7056b9b8121
target: esp32
version: 1.0.0
