dependencies:
  espressif/mdns:
    component_hash: ed10ef031bce505e423c5dbf0fdf2ce7a02df5f9ebffb18df2d6b9852e48817d
    source:
      service_url: https://api.components.espressif.com/
      type: service
    version: 1.3.1
  idf:
    component_hash: null
    source:
      type: idf
    version: 5.2.1
manifest_hash: c0bbf6116be6c7cd16b5950dceec10c40cb28365c5f2aa032d5912cca80672b5
target: esp32c3
version: 1.0.0
